github.com/Bel-uga-develop/XmlReader v0.1.4 h1:9R0SxFVaoHoyTgev/jleMHbu9x4s3Z6yyPwLNIbShVw=
github.com/Bel-uga-develop/XmlReader v0.1.4/go.mod h1:3cUYy5GdAphvR1SmtJftNRsCz/okmBC1Ar/2q7Qk9zs=
github.com/Bel-uga-develop/XmlReader v0.1.7 h1:HWLwgaGupKWZhAv4D/7Y54KGr02zZ/WGkYAFWyCvg/g=
github.com/Bel-uga-develop/XmlReader v0.1.7/go.mod h1:3cUYy5GdAphvR1SmtJftNRsCz/okmBC1Ar/2q7Qk9zs=
