github.com/Bel-uga-develop/XmlReader v0.1.5 h1:LABZz7drjAWwt/mPDk8SMO5DCPf4KSarYpR7I2Akygg=
github.com/Bel-uga-develop/XmlReader v0.1.5/go.mod h1:3cUYy5GdAphvR1SmtJftNRsCz/okmBC1Ar/2q7Qk9zs=
github.com/Bel-uga-develop/XmlReader v0.1.6 h1:kZRD2CvQtDcgCD5miCqoQ4Xl8jdJv0BWgT8y+hVeB5M=
github.com/Bel-uga-develop/XmlReader v0.1.6/go.mod h1:3cUYy5GdAphvR1SmtJftNRsCz/okmBC1Ar/2q7Qk9zs=
